
Microsoft Visual Studio Solution File, Format Version 12.00
# Visual Studio Version 17
VisualStudioVersion = 17.10.35122.118
MinimumVisualStudioVersion = 10.0.40219.1
Project("{FAE04EC0-301F-11D3-BF4B-00C04F79EFBC}") = "Projeto Aula - git", "Projeto Aula - git.csproj", "{783D42E8-422D-48DB-B01B-143AF0BB8899}"
EndProject
Global
	GlobalSection(SolutionConfigurationPlatforms) = preSolution
		Debug|Any CPU = Debug|Any CPU
		Release|Any CPU = Release|Any CPU
	EndGlobalSection
	GlobalSection(ProjectConfigurationPlatforms) = postSolution
		{783D42E8-422D-48DB-B01B-143AF0BB8899}.Debug|Any CPU.ActiveCfg = Debug|Any CPU
		{783D42E8-422D-48DB-B01B-143AF0BB8899}.Debug|Any CPU.Build.0 = Debug|Any CPU
		{783D42E8-422D-48DB-B01B-143AF0BB8899}.Release|Any CPU.ActiveCfg = Release|Any CPU
		{783D42E8-422D-48DB-B01B-143AF0BB8899}.Release|Any CPU.Build.0 = Release|Any CPU
	EndGlobalSection
	GlobalSection(SolutionProperties) = preSolution
		HideSolutionNode = FALSE
	EndGlobalSection
	GlobalSection(ExtensibilityGlobals) = postSolution
		SolutionGuid = {F73A144D-704A-44B7-95B1-6EDCAF016CE5}
	EndGlobalSection
EndGlobal
